
Microsoft Visual Studio Solution File, Format Version 11.00
# Visual Studio 2010
Project("{8BC9CEB8-8B4A-11D0-8D11-00A0C91BC942}") = "crux_library", "windows\crux-library\crux-library.vcxproj", "{C4BCBCF8-E852-46CF-AF83-65353359B218}"
EndProject
Project("{8BC9CEB8-8B4A-11D0-8D11-00A0C91BC942}") = "MSToolkit", "windows\MSToolkit\MSToolkit.vcxproj", "{AF642C17-5942-4A4A-90A6-AD75DA06481E}"
EndProject
Project("{8BC9CEB8-8B4A-11D0-8D11-00A0C91BC942}") = "qranker_barista", "windows\q-ranker\q-ranker.vcxproj", "{C7BE0DB9-3D01-4F2A-B7F0-534F7A4BC8BB}"
EndProject
Project("{8BC9CEB8-8B4A-11D0-8D11-00A0C91BC942}") = "percolator", "windows\percolator\percolator.vcxproj", "{EE63E11D-5BCD-4E4A-A1E6-D514BB8BE38D}"
EndProject
Project("{8BC9CEB8-8B4A-11D0-8D11-00A0C91BC942}") = "xlink", "windows\xlink\xlink.vcxproj", "{F2853A94-C9D3-4AC2-8C50-31F88B052216}"
	ProjectSection(ProjectDependencies) = postProject
		{C4BCBCF8-E852-46CF-AF83-65353359B218} = {C4BCBCF8-E852-46CF-AF83-65353359B218}
	EndProjectSection
EndProject
Project("{8BC9CEB8-8B4A-11D0-8D11-00A0C91BC942}") = "crux", "windows\crux\crux.vcxproj", "{949410D5-52D9-4A79-80C0-EE85B80C4A6E}"
	ProjectSection(ProjectDependencies) = postProject
		{AF642C17-5942-4A4A-90A6-AD75DA06481E} = {AF642C17-5942-4A4A-90A6-AD75DA06481E}
		{EE63E11D-5BCD-4E4A-A1E6-D514BB8BE38D} = {EE63E11D-5BCD-4E4A-A1E6-D514BB8BE38D}
		{2119492E-9189-4F46-BADA-723692E67D30} = {2119492E-9189-4F46-BADA-723692E67D30}
		{671CCD4C-C27C-41F7-BBA4-39FA197170B1} = {671CCD4C-C27C-41F7-BBA4-39FA197170B1}
		{F2853A94-C9D3-4AC2-8C50-31F88B052216} = {F2853A94-C9D3-4AC2-8C50-31F88B052216}
		{C7BE0DB9-3D01-4F2A-B7F0-534F7A4BC8BB} = {C7BE0DB9-3D01-4F2A-B7F0-534F7A4BC8BB}
		{C4BCBCF8-E852-46CF-AF83-65353359B218} = {C4BCBCF8-E852-46CF-AF83-65353359B218}
	EndProjectSection
EndProject
Project("{8BC9CEB8-8B4A-11D0-8D11-00A0C91BC942}") = "ArrayLibrary", "windows\ArrayLibrary\ArrayLibrary.vcxproj", "{2119492E-9189-4F46-BADA-723692E67D30}"
EndProject
Project("{8BC9CEB8-8B4A-11D0-8D11-00A0C91BC942}") = "posterior_error", "windows\posterior_error\posterior_error.vcxproj", "{671CCD4C-C27C-41F7-BBA4-39FA197170B1}"
	ProjectSection(ProjectDependencies) = postProject
		{C7BE0DB9-3D01-4F2A-B7F0-534F7A4BC8BB} = {C7BE0DB9-3D01-4F2A-B7F0-534F7A4BC8BB}
	EndProjectSection
EndProject
Global
	GlobalSection(SubversionScc) = preSolution
		Svn-Managed = True
		Manager = AnkhSVN - Subversion Support for Visual Studio
	EndGlobalSection
	GlobalSection(SolutionConfigurationPlatforms) = preSolution
		Debug|Win32 = Debug|Win32
		Debug|x64 = Debug|x64
		DebugPercolator|Win32 = DebugPercolator|Win32
		DebugPercolator|x64 = DebugPercolator|x64
		DebugQRanker|Win32 = DebugQRanker|Win32
		DebugQRanker|x64 = DebugQRanker|x64
		DebugSearch|Win32 = DebugSearch|Win32
		DebugSearch|x64 = DebugSearch|x64
		Release|Win32 = Release|Win32
		Release|x64 = Release|x64
		ReleasePercolator|Win32 = ReleasePercolator|Win32
		ReleasePercolator|x64 = ReleasePercolator|x64
	EndGlobalSection
	GlobalSection(ProjectConfigurationPlatforms) = postSolution
		{C4BCBCF8-E852-46CF-AF83-65353359B218}.Debug|Win32.ActiveCfg = Debug|Win32
		{C4BCBCF8-E852-46CF-AF83-65353359B218}.Debug|Win32.Build.0 = Debug|Win32
		{C4BCBCF8-E852-46CF-AF83-65353359B218}.Debug|x64.ActiveCfg = Debug|x64
		{C4BCBCF8-E852-46CF-AF83-65353359B218}.Debug|x64.Build.0 = Debug|x64
		{C4BCBCF8-E852-46CF-AF83-65353359B218}.DebugPercolator|Win32.ActiveCfg = DebugPercolator|Win32
		{C4BCBCF8-E852-46CF-AF83-65353359B218}.DebugPercolator|Win32.Build.0 = DebugPercolator|Win32
		{C4BCBCF8-E852-46CF-AF83-65353359B218}.DebugPercolator|x64.ActiveCfg = DebugPercolator|x64
		{C4BCBCF8-E852-46CF-AF83-65353359B218}.DebugPercolator|x64.Build.0 = DebugPercolator|x64
		{C4BCBCF8-E852-46CF-AF83-65353359B218}.DebugQRanker|Win32.ActiveCfg = DebugQRanker|Win32
		{C4BCBCF8-E852-46CF-AF83-65353359B218}.DebugQRanker|Win32.Build.0 = DebugQRanker|Win32
		{C4BCBCF8-E852-46CF-AF83-65353359B218}.DebugQRanker|x64.ActiveCfg = DebugQRanker|x64
		{C4BCBCF8-E852-46CF-AF83-65353359B218}.DebugQRanker|x64.Build.0 = DebugQRanker|x64
		{C4BCBCF8-E852-46CF-AF83-65353359B218}.DebugSearch|Win32.ActiveCfg = DebugSearch|Win32
		{C4BCBCF8-E852-46CF-AF83-65353359B218}.DebugSearch|Win32.Build.0 = DebugSearch|Win32
		{C4BCBCF8-E852-46CF-AF83-65353359B218}.DebugSearch|x64.ActiveCfg = DebugSearch|x64
		{C4BCBCF8-E852-46CF-AF83-65353359B218}.DebugSearch|x64.Build.0 = DebugSearch|x64
		{C4BCBCF8-E852-46CF-AF83-65353359B218}.Release|Win32.ActiveCfg = Release|Win32
		{C4BCBCF8-E852-46CF-AF83-65353359B218}.Release|Win32.Build.0 = Release|Win32
		{C4BCBCF8-E852-46CF-AF83-65353359B218}.Release|x64.ActiveCfg = Release|x64
		{C4BCBCF8-E852-46CF-AF83-65353359B218}.Release|x64.Build.0 = Release|x64
		{C4BCBCF8-E852-46CF-AF83-65353359B218}.ReleasePercolator|Win32.ActiveCfg = ReleasePercolator|Win32
		{C4BCBCF8-E852-46CF-AF83-65353359B218}.ReleasePercolator|Win32.Build.0 = ReleasePercolator|Win32
		{C4BCBCF8-E852-46CF-AF83-65353359B218}.ReleasePercolator|x64.ActiveCfg = ReleasePercolator|x64
		{C4BCBCF8-E852-46CF-AF83-65353359B218}.ReleasePercolator|x64.Build.0 = ReleasePercolator|x64
		{AF642C17-5942-4A4A-90A6-AD75DA06481E}.Debug|Win32.ActiveCfg = Debug|Win32
		{AF642C17-5942-4A4A-90A6-AD75DA06481E}.Debug|Win32.Build.0 = Debug|Win32
		{AF642C17-5942-4A4A-90A6-AD75DA06481E}.Debug|x64.ActiveCfg = Debug|x64
		{AF642C17-5942-4A4A-90A6-AD75DA06481E}.Debug|x64.Build.0 = Debug|x64
		{AF642C17-5942-4A4A-90A6-AD75DA06481E}.DebugPercolator|Win32.ActiveCfg = DebugPercolator|Win32
		{AF642C17-5942-4A4A-90A6-AD75DA06481E}.DebugPercolator|Win32.Build.0 = DebugPercolator|Win32
		{AF642C17-5942-4A4A-90A6-AD75DA06481E}.DebugPercolator|x64.ActiveCfg = DebugPercolator|x64
		{AF642C17-5942-4A4A-90A6-AD75DA06481E}.DebugPercolator|x64.Build.0 = DebugPercolator|x64
		{AF642C17-5942-4A4A-90A6-AD75DA06481E}.DebugQRanker|Win32.ActiveCfg = DebugQRanker|Win32
		{AF642C17-5942-4A4A-90A6-AD75DA06481E}.DebugQRanker|Win32.Build.0 = DebugQRanker|Win32
		{AF642C17-5942-4A4A-90A6-AD75DA06481E}.DebugQRanker|x64.ActiveCfg = DebugQRanker|x64
		{AF642C17-5942-4A4A-90A6-AD75DA06481E}.DebugQRanker|x64.Build.0 = DebugQRanker|x64
		{AF642C17-5942-4A4A-90A6-AD75DA06481E}.DebugSearch|Win32.ActiveCfg = DebugSearch|Win32
		{AF642C17-5942-4A4A-90A6-AD75DA06481E}.DebugSearch|Win32.Build.0 = DebugSearch|Win32
		{AF642C17-5942-4A4A-90A6-AD75DA06481E}.DebugSearch|x64.ActiveCfg = DebugSearch|x64
		{AF642C17-5942-4A4A-90A6-AD75DA06481E}.DebugSearch|x64.Build.0 = DebugSearch|x64
		{AF642C17-5942-4A4A-90A6-AD75DA06481E}.Release|Win32.ActiveCfg = Release|Win32
		{AF642C17-5942-4A4A-90A6-AD75DA06481E}.Release|Win32.Build.0 = Release|Win32
		{AF642C17-5942-4A4A-90A6-AD75DA06481E}.Release|x64.ActiveCfg = Release|x64
		{AF642C17-5942-4A4A-90A6-AD75DA06481E}.Release|x64.Build.0 = Release|x64
		{AF642C17-5942-4A4A-90A6-AD75DA06481E}.ReleasePercolator|Win32.ActiveCfg = ReleasePercolator|Win32
		{AF642C17-5942-4A4A-90A6-AD75DA06481E}.ReleasePercolator|Win32.Build.0 = ReleasePercolator|Win32
		{AF642C17-5942-4A4A-90A6-AD75DA06481E}.ReleasePercolator|x64.ActiveCfg = ReleasePercolator|x64
		{AF642C17-5942-4A4A-90A6-AD75DA06481E}.ReleasePercolator|x64.Build.0 = ReleasePercolator|x64
		{C7BE0DB9-3D01-4F2A-B7F0-534F7A4BC8BB}.Debug|Win32.ActiveCfg = Debug|Win32
		{C7BE0DB9-3D01-4F2A-B7F0-534F7A4BC8BB}.Debug|Win32.Build.0 = Debug|Win32
		{C7BE0DB9-3D01-4F2A-B7F0-534F7A4BC8BB}.Debug|x64.ActiveCfg = Debug|x64
		{C7BE0DB9-3D01-4F2A-B7F0-534F7A4BC8BB}.Debug|x64.Build.0 = Debug|x64
		{C7BE0DB9-3D01-4F2A-B7F0-534F7A4BC8BB}.DebugPercolator|Win32.ActiveCfg = DebugPercolator|Win32
		{C7BE0DB9-3D01-4F2A-B7F0-534F7A4BC8BB}.DebugPercolator|Win32.Build.0 = DebugPercolator|Win32
		{C7BE0DB9-3D01-4F2A-B7F0-534F7A4BC8BB}.DebugPercolator|x64.ActiveCfg = DebugPercolator|x64
		{C7BE0DB9-3D01-4F2A-B7F0-534F7A4BC8BB}.DebugPercolator|x64.Build.0 = DebugPercolator|x64
		{C7BE0DB9-3D01-4F2A-B7F0-534F7A4BC8BB}.DebugQRanker|Win32.ActiveCfg = DebugQRanker|Win32
		{C7BE0DB9-3D01-4F2A-B7F0-534F7A4BC8BB}.DebugQRanker|Win32.Build.0 = DebugQRanker|Win32
		{C7BE0DB9-3D01-4F2A-B7F0-534F7A4BC8BB}.DebugQRanker|x64.ActiveCfg = DebugQRanker|x64
		{C7BE0DB9-3D01-4F2A-B7F0-534F7A4BC8BB}.DebugQRanker|x64.Build.0 = DebugQRanker|x64
		{C7BE0DB9-3D01-4F2A-B7F0-534F7A4BC8BB}.DebugSearch|Win32.ActiveCfg = DebugSearch|Win32
		{C7BE0DB9-3D01-4F2A-B7F0-534F7A4BC8BB}.DebugSearch|Win32.Build.0 = DebugSearch|Win32
		{C7BE0DB9-3D01-4F2A-B7F0-534F7A4BC8BB}.DebugSearch|x64.ActiveCfg = DebugSearch|x64
		{C7BE0DB9-3D01-4F2A-B7F0-534F7A4BC8BB}.DebugSearch|x64.Build.0 = DebugSearch|x64
		{C7BE0DB9-3D01-4F2A-B7F0-534F7A4BC8BB}.Release|Win32.ActiveCfg = Release|Win32
		{C7BE0DB9-3D01-4F2A-B7F0-534F7A4BC8BB}.Release|Win32.Build.0 = Release|Win32
		{C7BE0DB9-3D01-4F2A-B7F0-534F7A4BC8BB}.Release|x64.ActiveCfg = Release|x64
		{C7BE0DB9-3D01-4F2A-B7F0-534F7A4BC8BB}.Release|x64.Build.0 = Release|x64
		{C7BE0DB9-3D01-4F2A-B7F0-534F7A4BC8BB}.ReleasePercolator|Win32.ActiveCfg = ReleasePercolator|Win32
		{C7BE0DB9-3D01-4F2A-B7F0-534F7A4BC8BB}.ReleasePercolator|Win32.Build.0 = ReleasePercolator|Win32
		{C7BE0DB9-3D01-4F2A-B7F0-534F7A4BC8BB}.ReleasePercolator|x64.ActiveCfg = ReleasePercolator|x64
		{C7BE0DB9-3D01-4F2A-B7F0-534F7A4BC8BB}.ReleasePercolator|x64.Build.0 = ReleasePercolator|x64
		{EE63E11D-5BCD-4E4A-A1E6-D514BB8BE38D}.Debug|Win32.ActiveCfg = Debug|Win32
		{EE63E11D-5BCD-4E4A-A1E6-D514BB8BE38D}.Debug|Win32.Build.0 = Debug|Win32
		{EE63E11D-5BCD-4E4A-A1E6-D514BB8BE38D}.Debug|x64.ActiveCfg = Debug|x64
		{EE63E11D-5BCD-4E4A-A1E6-D514BB8BE38D}.Debug|x64.Build.0 = Debug|x64
		{EE63E11D-5BCD-4E4A-A1E6-D514BB8BE38D}.DebugPercolator|Win32.ActiveCfg = DebugPercolator|Win32
		{EE63E11D-5BCD-4E4A-A1E6-D514BB8BE38D}.DebugPercolator|Win32.Build.0 = DebugPercolator|Win32
		{EE63E11D-5BCD-4E4A-A1E6-D514BB8BE38D}.DebugPercolator|x64.ActiveCfg = DebugPercolator|x64
		{EE63E11D-5BCD-4E4A-A1E6-D514BB8BE38D}.DebugPercolator|x64.Build.0 = DebugPercolator|x64
		{EE63E11D-5BCD-4E4A-A1E6-D514BB8BE38D}.DebugQRanker|Win32.ActiveCfg = DebugQRanker|Win32
		{EE63E11D-5BCD-4E4A-A1E6-D514BB8BE38D}.DebugQRanker|Win32.Build.0 = DebugQRanker|Win32
		{EE63E11D-5BCD-4E4A-A1E6-D514BB8BE38D}.DebugQRanker|x64.ActiveCfg = DebugQRanker|x64
		{EE63E11D-5BCD-4E4A-A1E6-D514BB8BE38D}.DebugQRanker|x64.Build.0 = DebugQRanker|x64
		{EE63E11D-5BCD-4E4A-A1E6-D514BB8BE38D}.DebugSearch|Win32.ActiveCfg = DebugSearch|Win32
		{EE63E11D-5BCD-4E4A-A1E6-D514BB8BE38D}.DebugSearch|Win32.Build.0 = DebugSearch|Win32
		{EE63E11D-5BCD-4E4A-A1E6-D514BB8BE38D}.DebugSearch|x64.ActiveCfg = DebugSearch|x64
		{EE63E11D-5BCD-4E4A-A1E6-D514BB8BE38D}.DebugSearch|x64.Build.0 = DebugSearch|x64
		{EE63E11D-5BCD-4E4A-A1E6-D514BB8BE38D}.Release|Win32.ActiveCfg = Release|Win32
		{EE63E11D-5BCD-4E4A-A1E6-D514BB8BE38D}.Release|Win32.Build.0 = Release|Win32
		{EE63E11D-5BCD-4E4A-A1E6-D514BB8BE38D}.Release|x64.ActiveCfg = Release|x64
		{EE63E11D-5BCD-4E4A-A1E6-D514BB8BE38D}.Release|x64.Build.0 = Release|x64
		{EE63E11D-5BCD-4E4A-A1E6-D514BB8BE38D}.ReleasePercolator|Win32.ActiveCfg = ReleasePercolator|Win32
		{EE63E11D-5BCD-4E4A-A1E6-D514BB8BE38D}.ReleasePercolator|Win32.Build.0 = ReleasePercolator|Win32
		{EE63E11D-5BCD-4E4A-A1E6-D514BB8BE38D}.ReleasePercolator|x64.ActiveCfg = ReleasePercolator|x64
		{EE63E11D-5BCD-4E4A-A1E6-D514BB8BE38D}.ReleasePercolator|x64.Build.0 = ReleasePercolator|x64
		{F2853A94-C9D3-4AC2-8C50-31F88B052216}.Debug|Win32.ActiveCfg = Debug|Win32
		{F2853A94-C9D3-4AC2-8C50-31F88B052216}.Debug|Win32.Build.0 = Debug|Win32
		{F2853A94-C9D3-4AC2-8C50-31F88B052216}.Debug|x64.ActiveCfg = Debug|x64
		{F2853A94-C9D3-4AC2-8C50-31F88B052216}.Debug|x64.Build.0 = Debug|x64
		{F2853A94-C9D3-4AC2-8C50-31F88B052216}.DebugPercolator|Win32.ActiveCfg = DebugPercolator|Win32
		{F2853A94-C9D3-4AC2-8C50-31F88B052216}.DebugPercolator|Win32.Build.0 = DebugPercolator|Win32
		{F2853A94-C9D3-4AC2-8C50-31F88B052216}.DebugPercolator|x64.ActiveCfg = DebugPercolator|x64
		{F2853A94-C9D3-4AC2-8C50-31F88B052216}.DebugPercolator|x64.Build.0 = DebugPercolator|x64
		{F2853A94-C9D3-4AC2-8C50-31F88B052216}.DebugQRanker|Win32.ActiveCfg = DebugQRanker|Win32
		{F2853A94-C9D3-4AC2-8C50-31F88B052216}.DebugQRanker|Win32.Build.0 = DebugQRanker|Win32
		{F2853A94-C9D3-4AC2-8C50-31F88B052216}.DebugQRanker|x64.ActiveCfg = DebugQRanker|x64
		{F2853A94-C9D3-4AC2-8C50-31F88B052216}.DebugQRanker|x64.Build.0 = DebugQRanker|x64
		{F2853A94-C9D3-4AC2-8C50-31F88B052216}.DebugSearch|Win32.ActiveCfg = DebugSearch|Win32
		{F2853A94-C9D3-4AC2-8C50-31F88B052216}.DebugSearch|Win32.Build.0 = DebugSearch|Win32
		{F2853A94-C9D3-4AC2-8C50-31F88B052216}.DebugSearch|x64.ActiveCfg = DebugSearch|x64
		{F2853A94-C9D3-4AC2-8C50-31F88B052216}.DebugSearch|x64.Build.0 = DebugSearch|x64
		{F2853A94-C9D3-4AC2-8C50-31F88B052216}.Release|Win32.ActiveCfg = Release|Win32
		{F2853A94-C9D3-4AC2-8C50-31F88B052216}.Release|Win32.Build.0 = Release|Win32
		{F2853A94-C9D3-4AC2-8C50-31F88B052216}.Release|x64.ActiveCfg = Release|x64
		{F2853A94-C9D3-4AC2-8C50-31F88B052216}.Release|x64.Build.0 = Release|x64
		{F2853A94-C9D3-4AC2-8C50-31F88B052216}.ReleasePercolator|Win32.ActiveCfg = ReleasePercolator|Win32
		{F2853A94-C9D3-4AC2-8C50-31F88B052216}.ReleasePercolator|Win32.Build.0 = ReleasePercolator|Win32
		{F2853A94-C9D3-4AC2-8C50-31F88B052216}.ReleasePercolator|x64.ActiveCfg = ReleasePercolator|x64
		{F2853A94-C9D3-4AC2-8C50-31F88B052216}.ReleasePercolator|x64.Build.0 = ReleasePercolator|x64
		{949410D5-52D9-4A79-80C0-EE85B80C4A6E}.Debug|Win32.ActiveCfg = Debug|Win32
		{949410D5-52D9-4A79-80C0-EE85B80C4A6E}.Debug|Win32.Build.0 = Debug|Win32
		{949410D5-52D9-4A79-80C0-EE85B80C4A6E}.Debug|x64.ActiveCfg = Debug|x64
		{949410D5-52D9-4A79-80C0-EE85B80C4A6E}.Debug|x64.Build.0 = Debug|x64
		{949410D5-52D9-4A79-80C0-EE85B80C4A6E}.DebugPercolator|Win32.ActiveCfg = DebugPercolator|Win32
		{949410D5-52D9-4A79-80C0-EE85B80C4A6E}.DebugPercolator|Win32.Build.0 = DebugPercolator|Win32
		{949410D5-52D9-4A79-80C0-EE85B80C4A6E}.DebugPercolator|x64.ActiveCfg = DebugPercolator|x64
		{949410D5-52D9-4A79-80C0-EE85B80C4A6E}.DebugPercolator|x64.Build.0 = DebugPercolator|x64
		{949410D5-52D9-4A79-80C0-EE85B80C4A6E}.DebugQRanker|Win32.ActiveCfg = DebugQRanker|Win32
		{949410D5-52D9-4A79-80C0-EE85B80C4A6E}.DebugQRanker|Win32.Build.0 = DebugQRanker|Win32
		{949410D5-52D9-4A79-80C0-EE85B80C4A6E}.DebugQRanker|x64.ActiveCfg = DebugQRanker|x64
		{949410D5-52D9-4A79-80C0-EE85B80C4A6E}.DebugQRanker|x64.Build.0 = DebugQRanker|x64
		{949410D5-52D9-4A79-80C0-EE85B80C4A6E}.DebugSearch|Win32.ActiveCfg = DebugSearch|Win32
		{949410D5-52D9-4A79-80C0-EE85B80C4A6E}.DebugSearch|Win32.Build.0 = DebugSearch|Win32
		{949410D5-52D9-4A79-80C0-EE85B80C4A6E}.DebugSearch|x64.ActiveCfg = DebugSearch|x64
		{949410D5-52D9-4A79-80C0-EE85B80C4A6E}.DebugSearch|x64.Build.0 = DebugSearch|x64
		{949410D5-52D9-4A79-80C0-EE85B80C4A6E}.Release|Win32.ActiveCfg = Release|Win32
		{949410D5-52D9-4A79-80C0-EE85B80C4A6E}.Release|Win32.Build.0 = Release|Win32
		{949410D5-52D9-4A79-80C0-EE85B80C4A6E}.Release|x64.ActiveCfg = Release|x64
		{949410D5-52D9-4A79-80C0-EE85B80C4A6E}.Release|x64.Build.0 = Release|x64
		{949410D5-52D9-4A79-80C0-EE85B80C4A6E}.ReleasePercolator|Win32.ActiveCfg = ReleasePercolator|Win32
		{949410D5-52D9-4A79-80C0-EE85B80C4A6E}.ReleasePercolator|Win32.Build.0 = ReleasePercolator|Win32
		{949410D5-52D9-4A79-80C0-EE85B80C4A6E}.ReleasePercolator|x64.ActiveCfg = ReleasePercolator|x64
		{949410D5-52D9-4A79-80C0-EE85B80C4A6E}.ReleasePercolator|x64.Build.0 = ReleasePercolator|x64
		{2119492E-9189-4F46-BADA-723692E67D30}.Debug|Win32.ActiveCfg = Debug|Win32
		{2119492E-9189-4F46-BADA-723692E67D30}.Debug|Win32.Build.0 = Debug|Win32
		{2119492E-9189-4F46-BADA-723692E67D30}.Debug|x64.ActiveCfg = Debug|x64
		{2119492E-9189-4F46-BADA-723692E67D30}.Debug|x64.Build.0 = Debug|x64
		{2119492E-9189-4F46-BADA-723692E67D30}.DebugPercolator|Win32.ActiveCfg = DebugPercolator|Win32
		{2119492E-9189-4F46-BADA-723692E67D30}.DebugPercolator|Win32.Build.0 = DebugPercolator|Win32
		{2119492E-9189-4F46-BADA-723692E67D30}.DebugPercolator|x64.ActiveCfg = DebugPercolator|x64
		{2119492E-9189-4F46-BADA-723692E67D30}.DebugPercolator|x64.Build.0 = DebugPercolator|x64
		{2119492E-9189-4F46-BADA-723692E67D30}.DebugQRanker|Win32.ActiveCfg = DebugQRanker|Win32
		{2119492E-9189-4F46-BADA-723692E67D30}.DebugQRanker|Win32.Build.0 = DebugQRanker|Win32
		{2119492E-9189-4F46-BADA-723692E67D30}.DebugQRanker|x64.ActiveCfg = DebugQRanker|x64
		{2119492E-9189-4F46-BADA-723692E67D30}.DebugQRanker|x64.Build.0 = DebugQRanker|x64
		{2119492E-9189-4F46-BADA-723692E67D30}.DebugSearch|Win32.ActiveCfg = DebugSearch|Win32
		{2119492E-9189-4F46-BADA-723692E67D30}.DebugSearch|Win32.Build.0 = DebugSearch|Win32
		{2119492E-9189-4F46-BADA-723692E67D30}.DebugSearch|x64.ActiveCfg = DebugSearch|x64
		{2119492E-9189-4F46-BADA-723692E67D30}.DebugSearch|x64.Build.0 = DebugSearch|x64
		{2119492E-9189-4F46-BADA-723692E67D30}.Release|Win32.ActiveCfg = Release|Win32
		{2119492E-9189-4F46-BADA-723692E67D30}.Release|Win32.Build.0 = Release|Win32
		{2119492E-9189-4F46-BADA-723692E67D30}.Release|x64.ActiveCfg = Release|x64
		{2119492E-9189-4F46-BADA-723692E67D30}.Release|x64.Build.0 = Release|x64
		{2119492E-9189-4F46-BADA-723692E67D30}.ReleasePercolator|Win32.ActiveCfg = ReleasePercolator|Win32
		{2119492E-9189-4F46-BADA-723692E67D30}.ReleasePercolator|Win32.Build.0 = ReleasePercolator|Win32
		{2119492E-9189-4F46-BADA-723692E67D30}.ReleasePercolator|x64.ActiveCfg = ReleasePercolator|x64
		{2119492E-9189-4F46-BADA-723692E67D30}.ReleasePercolator|x64.Build.0 = ReleasePercolator|x64
		{671CCD4C-C27C-41F7-BBA4-39FA197170B1}.Debug|Win32.ActiveCfg = Debug|Win32
		{671CCD4C-C27C-41F7-BBA4-39FA197170B1}.Debug|Win32.Build.0 = Debug|Win32
		{671CCD4C-C27C-41F7-BBA4-39FA197170B1}.Debug|x64.ActiveCfg = Debug|x64
		{671CCD4C-C27C-41F7-BBA4-39FA197170B1}.Debug|x64.Build.0 = Debug|x64
		{671CCD4C-C27C-41F7-BBA4-39FA197170B1}.DebugPercolator|Win32.ActiveCfg = DebugPercolator|Win32
		{671CCD4C-C27C-41F7-BBA4-39FA197170B1}.DebugPercolator|Win32.Build.0 = DebugPercolator|Win32
		{671CCD4C-C27C-41F7-BBA4-39FA197170B1}.DebugPercolator|x64.ActiveCfg = DebugPercolator|x64
		{671CCD4C-C27C-41F7-BBA4-39FA197170B1}.DebugPercolator|x64.Build.0 = DebugPercolator|x64
		{671CCD4C-C27C-41F7-BBA4-39FA197170B1}.DebugQRanker|Win32.ActiveCfg = DebugQRanker|Win32
		{671CCD4C-C27C-41F7-BBA4-39FA197170B1}.DebugQRanker|Win32.Build.0 = DebugQRanker|Win32
		{671CCD4C-C27C-41F7-BBA4-39FA197170B1}.DebugQRanker|x64.ActiveCfg = DebugQRanker|x64
		{671CCD4C-C27C-41F7-BBA4-39FA197170B1}.DebugQRanker|x64.Build.0 = DebugQRanker|x64
		{671CCD4C-C27C-41F7-BBA4-39FA197170B1}.DebugSearch|Win32.ActiveCfg = DebugSearch|Win32
		{671CCD4C-C27C-41F7-BBA4-39FA197170B1}.DebugSearch|Win32.Build.0 = DebugSearch|Win32
		{671CCD4C-C27C-41F7-BBA4-39FA197170B1}.DebugSearch|x64.ActiveCfg = DebugSearch|x64
		{671CCD4C-C27C-41F7-BBA4-39FA197170B1}.DebugSearch|x64.Build.0 = DebugSearch|x64
		{671CCD4C-C27C-41F7-BBA4-39FA197170B1}.Release|Win32.ActiveCfg = Release|Win32
		{671CCD4C-C27C-41F7-BBA4-39FA197170B1}.Release|Win32.Build.0 = Release|Win32
		{671CCD4C-C27C-41F7-BBA4-39FA197170B1}.Release|x64.ActiveCfg = Release|x64
		{671CCD4C-C27C-41F7-BBA4-39FA197170B1}.Release|x64.Build.0 = Release|x64
		{671CCD4C-C27C-41F7-BBA4-39FA197170B1}.ReleasePercolator|Win32.ActiveCfg = ReleasePercolator|Win32
		{671CCD4C-C27C-41F7-BBA4-39FA197170B1}.ReleasePercolator|Win32.Build.0 = ReleasePercolator|Win32
		{671CCD4C-C27C-41F7-BBA4-39FA197170B1}.ReleasePercolator|x64.ActiveCfg = ReleasePercolator|x64
		{671CCD4C-C27C-41F7-BBA4-39FA197170B1}.ReleasePercolator|x64.Build.0 = ReleasePercolator|x64
	EndGlobalSection
	GlobalSection(SolutionProperties) = preSolution
		HideSolutionNode = FALSE
	EndGlobalSection
EndGlobal
